// !$*UTF8*$!
{
	archiveVersion = 1;
	classes = {
	};
	objectVersion = 50;
	objects = {

/* Begin PBXBuildFile section */
		CB9BF71324E12B2F00F35713 /* AppDelegate.swift in Sources */ = {isa = PBXBuildFile; fileRef = CB9BF71224E12B2F00F35713 /* AppDelegate.swift */; };
		CB9BF71524E12B2F00F35713 /* SceneDelegate.swift in Sources */ = {isa = PBXBuildFile; fileRef = CB9BF71424E12B2F00F35713 /* SceneDelegate.swift */; };
		CB9BF71724E12B2F00F35713 /* ViewController.swift in Sources */ = {isa = PBXBuildFile; fileRef = CB9BF71624E12B2F00F35713 /* ViewController.swift */; };
		CB9BF71C24E12B3300F35713 /* Assets.xcassets in Resources */ = {isa = PBXBuildFile; fileRef = CB9BF71B24E12B3300F35713 /* Assets.xcassets */; };
		CB9BF71F24E12B3300F35713 /* LaunchScreen.storyboard in Resources */ = {isa = PBXBuildFile; fileRef = CB9BF71D24E12B3300F35713 /* LaunchScreen.storyboard */; };
		CB9BF72724E12BB400F35713 /* Main.storyboard in Resources */ = {isa = PBXBuildFile; fileRef = CB9BF72624E12BB300F35713 /* Main.storyboard */; };
		CB9BF72924E12BFC00F35713 /* CameraController.swift in Sources */ = {isa = PBXBuildFile; fileRef = CB9BF72824E12BFC00F35713 /* CameraController.swift */; };
/* End PBXBuildFile section */

/* Begin PBXFileReference section */
		CB9BF70F24E12B2F00F35713 /* iOSCamera.app */ = {isa = PBXFileReference; explicitFileType = wrapper.application; includeInIndex = 0; path = iOSCamera.app; sourceTree = BUILT_PRODUCTS_DIR; };
		CB9BF71224E12B2F00F35713 /* AppDelegate.swift */ = {isa = PBXFileReference; lastKnownFileType = sourcecode.swift; path = AppDelegate.swift; sourceTree = "<group>"; };
		CB9BF71424E12B2F00F35713 /* SceneDelegate.swift */ = {isa = PBXFileReference; lastKnownFileType = sourcecode.swift; path = SceneDelegate.swift; sourceTree = "<group>"; };
		CB9BF71624E12B2F00F35713 /* ViewController.swift */ = {isa = PBXFileReference; lastKnownFileType = sourcecode.swift; path = ViewController.swift; sourceTree = "<group>"; };
		CB9BF71B24E12B3300F35713 /* Assets.xcassets */ = {isa = PBXFileReference; lastKnownFileType = folder.assetcatalog; path = Assets.xcassets; sourceTree = "<group>"; };
		CB9BF71E24E12B3300F35713 /* Base */ = {isa = PBXFileReference; lastKnownFileType = file.storyboard; name = Base; path = Base.lproj/LaunchScreen.storyboard; sourceTree = "<group>"; };
		CB9BF72024E12B3300F35713 /* Info.plist */ = {isa = PBXFileReference; lastKnownFileType = text.plist.xml; path = Info.plist; sourceTree = "<group>"; };
		CB9BF72624E12BB300F35713 /* Main.storyboard */ = {isa = PBXFileReference; fileEncoding = 4; lastKnownFileType = file.storyboard; path = Main.storyboard; sourceTree = "<group>"; };
		CB9BF72824E12BFC00F35713 /* CameraController.swift */ = {isa = PBXFileReference; lastKnownFileType = sourcecode.swift; path = CameraController.swift; sourceTree = "<group>"; };
/* End PBXFileReference section */

/* Begin PBXFrameworksBuildPhase section */
		CB9BF70C24E12B2F00F35713 /* Frameworks */ = {
			isa = PBXFrameworksBuildPhase;
			buildActionMask = 2147483647;
			files = (
			);
			runOnlyForDeploymentPostprocessing = 0;
		};
/* End PBXFrameworksBuildPhase section */

/* Begin PBXGroup section */
		CB9BF70624E12B2E00F35713 = {
			isa = PBXGroup;
			children = (
				CB9BF71124E12B2F00F35713 /* iOSCamera */,
				CB9BF71024E12B2F00F35713 /* Products */,
			);
			sourceTree = "<group>";
		};
		CB9BF71024E12B2F00F35713 /* Products */ = {
			isa = PBXGroup;
			children = (
				CB9BF70F24E12B2F00F35713 /* iOSCamera.app */,
			);
			name = Products;
			sourceTree = "<group>";
		};
		CB9BF71124E12B2F00F35713 /* iOSCamera */ = {
			isa = PBXGroup;
			children = (
				CB9BF71224E12B2F00F35713 /* AppDelegate.swift */,
				CB9BF71424E12B2F00F35713 /* SceneDelegate.swift */,
				CB9BF72824E12BFC00F35713 /* CameraController.swift */,
				CB9BF71624E12B2F00F35713 /* ViewController.swift */,
				CB9BF72624E12BB300F35713 /* Main.storyboard */,
				CB9BF71B24E12B3300F35713 /* Assets.xcassets */,
				CB9BF71D24E12B3300F35713 /* LaunchScreen.storyboard */,
				CB9BF72024E12B3300F35713 /* Info.plist */,
			);
			path = iOSCamera;
			sourceTree = "<group>";
		};
/* End PBXGroup section */

/* Begin PBXNativeTarget section */
		CB9BF70E24E12B2F00F35713 /* iOSCamera */ = {
			isa = PBXNativeTarget;
			buildConfigurationList = CB9BF72324E12B3300F35713 /* Build configuration list for PBXNativeTarget "iOSCamera" */;
			buildPhases = (
				CB9BF70B24E12B2F00F35713 /* Sources */,
				CB9BF70C24E12B2F00F35713 /* Frameworks */,
				CB9BF70D24E12B2F00F35713 /* Resources */,
			);
			buildRules = (
			);
			dependencies = (
			);
			name = iOSCamera;
			productName = iOSCamera;
			productReference = CB9BF70F24E12B2F00F35713 /* iOSCamera.app */;
			productType = "com.apple.product-type.application";
		};
/* End PBXNativeTarget section */

/* Begin PBXProject section */
		CB9BF70724E12B2E00F35713 /* Project object */ = {
			isa = PBXProject;
			attributes = {
				LastSwiftUpdateCheck = 1160;
				LastUpgradeCheck = 1160;
				ORGANIZATIONNAME = "임성현";
				TargetAttributes = {
					CB9BF70E24E12B2F00F35713 = {
						CreatedOnToolsVersion = 11.6;
					};
				};
			};
			buildConfigurationList = CB9BF70A24E12B2E00F35713 /* Build configuration list for PBXProject "iOSCamera" */;
			compatibilityVersion = "Xcode 9.3";
			developmentRegion = en;
			hasScannedForEncodings = 0;
			knownRegions = (
				en,
				Base,
			);
			mainGroup = CB9BF70624E12B2E00F35713;
			productRefGroup = CB9BF71024E12B2F00F35713 /* Products */;
			projectDirPath = "";
			projectRoot = "";
			targets = (
				CB9BF70E24E12B2F00F35713 /* iOSCamera */,
			);
		};
/* End PBXProject section */

/* Begin PBXResourcesBuildPhase section */
		CB9BF70D24E12B2F00F35713 /* Resources */ = {
			isa = PBXResourcesBuildPhase;
			buildActionMask = 2147483647;
			files = (
				CB9BF71F24E12B3300F35713 /* LaunchScreen.storyboard in Resources */,
				CB9BF71C24E12B3300F35713 /* Assets.xcassets in Resources */,
				CB9BF72724E12BB400F35713 /* Main.storyboard in Resources */,
			);
			runOnlyForDeploymentPostprocessing = 0;
		};
/* End PBXResourcesBuildPhase section */

/* Begin PBXSourcesBuildPhase section */
		CB9BF70B24E12B2F00F35713 /* Sources */ = {
			isa = PBXSourcesBuildPhase;
			buildActionMask = 2147483647;
			files = (
				CB9BF71724E12B2F00F35713 /* ViewController.swift in Sources */,
				CB9BF71324E12B2F00F35713 /* AppDelegate.swift in Sources */,
				CB9BF72924E12BFC00F35713 /* CameraController.swift in Sources */,
				CB9BF71524E12B2F00F35713 /* SceneDelegate.swift in Sources */,
			);
			runOnlyForDeploymentPostprocessing = 0;
		};
/* End PBXSourcesBuildPhase section */

/* Begin PBXVariantGroup section */
		CB9BF71D24E12B3300F35713 /* LaunchScreen.storyboard */ = {
			isa = PBXVariantGroup;
			children = (
				CB9BF71E24E12B3300F35713 /* Base */,
			);
			name = LaunchScreen.storyboard;
			sourceTree = "<group>";
		};
/* End PBXVariantGroup section */

/* Begin XCBuildConfiguration section */
		CB9BF72124E12B3300F35713 /* Debug */ = {
			isa = XCBuildConfiguration;
			buildSettings = {
				ALWAYS_SEARCH_USER_PATHS = NO;
				CLANG_ANALYZER_NONNULL = YES;
				CLANG_ANALYZER_NUMBER_OBJECT_CONVERSION = YES_AGGRESSIVE;
				CLANG_CXX_LANGUAGE_STANDARD = "gnu++14";
				CLANG_CXX_LIBRARY = "libc++";
				CLANG_ENABLE_MODULES = YES;
				CLANG_ENABLE_OBJC_ARC = YES;
				CLANG_ENABLE_OBJC_WEAK = YES;
				CLANG_WARN_BLOCK_CAPTURE_AUTORELEASING = YES;
				CLANG_WARN_BOOL_CONVERSION = YES;
				CLANG_WARN_COMMA = YES;
				CLANG_WARN_CONSTANT_CONVERSION = YES;
				CLANG_WARN_DEPRECATED_OBJC_IMPLEMENTATIONS = YES;
				CLANG_WARN_DIRECT_OBJC_ISA_USAGE = YES_ERROR;
				CLANG_WARN_DOCUMENTATION_COMMENTS = YES;
				CLANG_WARN_EMPTY_BODY = YES;
				CLANG_WARN_ENUM_CONVERSION = YES;
				CLANG_WARN_INFINITE_RECURSION = YES;
				CLANG_WARN_INT_CONVERSION = YES;
				CLANG_WARN_NON_LITERAL_NULL_CONVERSION = YES;
				CLANG_WARN_OBJC_IMPLICIT_RETAIN_SELF = YES;
				CLANG_WARN_OBJC_LITERAL_CONVERSION = YES;
				CLANG_WARN_OBJC_ROOT_CLASS = YES_ERROR;
				CLANG_WARN_RANGE_LOOP_ANALYSIS = YES;
				CLANG_WARN_STRICT_PROTOTYPES = YES;
				CLANG_WARN_SUSPICIOUS_MOVE = YES;
				CLANG_WARN_UNGUARDED_AVAILABILITY = YES_AGGRESSIVE;
				CLANG_WARN_UNREACHABLE_CODE = YES;
				CLANG_WARN__DUPLICATE_METHOD_MATCH = YES;
				COPY_PHASE_STRIP = NO;
				DEBUG_INFORMATION_FORMAT = dwarf;
				ENABLE_STRICT_OBJC_MSGSEND = YES;
				ENABLE_TESTABILITY = YES;
				GCC_C_LANGUAGE_STANDARD = gnu11;
				GCC_DYNAMIC_NO_PIC = NO;
				GCC_NO_COMMON_BLOCKS = YES;
				GCC_OPTIMIZATION_LEVEL = 0;
				GCC_PREPROCESSOR_DEFINITIONS = (
					"DEBUG=1",
					"$(inherited)",
				);
				GCC_WARN_64_TO_32_BIT_CONVERSION = YES;
				GCC_WARN_ABOUT_RETURN_TYPE = YES_ERROR;
				GCC_WARN_UNDECLARED_SELECTOR = YES;
				GCC_WARN_UNINITIALIZED_AUTOS = YES_AGGRESSIVE;
				GCC_WARN_UNUSED_FUNCTION = YES;
				GCC_WARN_UNUSED_VARIABLE = YES;
				IPHONEOS_DEPLOYMENT_TARGET = 13.6;
				MTL_ENABLE_DEBUG_INFO = INCLUDE_SOURCE;
				MTL_FAST_MATH = YES;
				ONLY_ACTIVE_ARCH = YES;
				SDKROOT = iphoneos;
				SWIFT_ACTIVE_COMPILATION_CONDITIONS = DEBUG;
				SWIFT_OPTIMIZATION_LEVEL = "-Onone";
			};
			name = Debug;
		};
		CB9BF72224E12B3300F35713 /* Release */ = {
			isa = XCBuildConfiguration;
			buildSettings = {
				ALWAYS_SEARCH_USER_PATHS = NO;
				CLANG_ANALYZER_NONNULL = YES;
				CLANG_ANALYZER_NUMBER_OBJECT_CONVERSION = YES_AGGRESSIVE;
				CLANG_CXX_LANGUAGE_STANDARD = "gnu++14";
				CLANG_CXX_LIBRARY = "libc++";
				CLANG_ENABLE_MODULES = YES;
				CLANG_ENABLE_OBJC_ARC = YES;
				CLANG_ENABLE_OBJC_WEAK = YES;
				CLANG_WARN_BLOCK_CAPTURE_AUTORELEASING = YES;
				CLANG_WARN_BOOL_CONVERSION = YES;
				CLANG_WARN_COMMA = YES;
				CLANG_WARN_CONSTANT_CONVERSION = YES;
				CLANG_WARN_DEPRECATED_OBJC_IMPLEMENTATIONS = YES;
				CLANG_WARN_DIRECT_OBJC_ISA_USAGE = YES_ERROR;
				CLANG_WARN_DOCUMENTATION_COMMENTS = YES;
				CLANG_WARN_EMPTY_BODY = YES;
				CLANG_WARN_ENUM_CONVERSION = YES;
				CLANG_WARN_INFINITE_RECURSION = YES;
				CLANG_WARN_INT_CONVERSION = YES;
				CLANG_WARN_NON_LITERAL_NULL_CONVERSION = YES;
				CLANG_WARN_OBJC_IMPLICIT_RETAIN_SELF = YES;
				CLANG_WARN_OBJC_LITERAL_CONVERSION = YES;
				CLANG_WARN_OBJC_ROOT_CLASS = YES_ERROR;
				CLANG_WARN_RANGE_LOOP_ANALYSIS = YES;
				CLANG_WARN_STRICT_PROTOTYPES = YES;
				CLANG_WARN_SUSPICIOUS_MOVE = YES;
				CLANG_WARN_UNGUARDED_AVAILABILITY = YES_AGGRESSIVE;
				CLANG_WARN_UNREACHABLE_CODE = YES;
				CLANG_WARN__DUPLICATE_METHOD_MATCH = YES;
				COPY_PHASE_STRIP = NO;
				DEBUG_INFORMATION_FORMAT = "dwarf-with-dsym";
				ENABLE_NS_ASSERTIONS = NO;
				ENABLE_STRICT_OBJC_MSGSEND = YES;
				GCC_C_LANGUAGE_STANDARD = gnu11;
				GCC_NO_COMMON_BLOCKS = YES;
				GCC_WARN_64_TO_32_BIT_CONVERSION = YES;
				GCC_WARN_ABOUT_RETURN_TYPE = YES_ERROR;
				GCC_WARN_UNDECLARED_SELECTOR = YES;
				GCC_WARN_UNINITIALIZED_AUTOS = YES_AGGRESSIVE;
				GCC_WARN_UNUSED_FUNCTION = YES;
				GCC_WARN_UNUSED_VARIABLE = YES;
				IPHONEOS_DEPLOYMENT_TARGET = 13.6;
				MTL_ENABLE_DEBUG_INFO = NO;
				MTL_FAST_MATH = YES;
				SDKROOT = iphoneos;
				SWIFT_COMPILATION_MODE = wholemodule;
				SWIFT_OPTIMIZATION_LEVEL = "-O";
				VALIDATE_PRODUCT = YES;
			};
			name = Release;
		};
		CB9BF72424E12B3300F35713 /* Debug */ = {
			isa = XCBuildConfiguration;
			buildSettings = {
				ASSETCATALOG_COMPILER_APPICON_NAME = AppIcon;
				CODE_SIGN_STYLE = Automatic;
				DEVELOPMENT_TEAM = TDAQ2HDR57;
				INFOPLIST_FILE = iOSCamera/Info.plist;
				LD_RUNPATH_SEARCH_PATHS = (
					"$(inherited)",
					"@executable_path/Frameworks",
				);
				PRODUCT_BUNDLE_IDENTIFIER = com.seonghyeon.iOSCamera;
				PRODUCT_NAME = "$(TARGET_NAME)";
				SWIFT_VERSION = 5.0;
				TARGETED_DEVICE_FAMILY = "1,2";
			};
			name = Debug;
		};
		CB9BF72524E12B3300F35713 /* Release */ = {
			isa = XCBuildConfiguration;
			buildSettings = {
				ASSETCATALOG_COMPILER_APPICON_NAME = AppIcon;
				CODE_SIGN_STYLE = Automatic;
				DEVELOPMENT_TEAM = TDAQ2HDR57;
				INFOPLIST_FILE = iOSCamera/Info.plist;
				LD_RUNPATH_SEARCH_PATHS = (
					"$(inherited)",
					"@executable_path/Frameworks",
				);
				PRODUCT_BUNDLE_IDENTIFIER = com.seonghyeon.iOSCamera;
				PRODUCT_NAME = "$(TARGET_NAME)";
				SWIFT_VERSION = 5.0;
				TARGETED_DEVICE_FAMILY = "1,2";
			};
			name = Release;
		};
/* End XCBuildConfiguration section */

/* Begin XCConfigurationList section */
		CB9BF70A24E12B2E00F35713 /* Build configuration list for PBXProject "iOSCamera" */ = {
			isa = XCConfigurationList;
			buildConfigurations = (
				CB9BF72124E12B3300F35713 /* Debug */,
				CB9BF72224E12B3300F35713 /* Release */,
			);
			defaultConfigurationIsVisible = 0;
			defaultConfigurationName = Release;
		};
		CB9BF72324E12B3300F35713 /* Build configuration list for PBXNativeTarget "iOSCamera" */ = {
			isa = XCConfigurationList;
			buildConfigurations = (
				CB9BF72424E12B3300F35713 /* Debug */,
				CB9BF72524E12B3300F35713 /* Release */,
			);
			defaultConfigurationIsVisible = 0;
			defaultConfigurationName = Release;
		};
/* End XCConfigurationList section */
	};
	rootObject = CB9BF70724E12B2E00F35713 /* Project object */;
}
